// !$*UTF8*$!
{
	archiveVersion = 1;
	classes = {
	};
	objectVersion = 56;
	objects = {

/* Begin PBXBuildFile section */
		27AE75D32C36E53200F6D02A /* ResultSearchViewController.swift in Sources */ = {isa = PBXBuildFile; fileRef = 27AE75D22C36E53200F6D02A /* ResultSearchViewController.swift */; };
		BB00E12B2C3502B000072B3D /* SectionHeader.xib in Resources */ = {isa = PBXBuildFile; fileRef = BB00E12A2C3502B000072B3D /* SectionHeader.xib */; };
		BB00E12D2C3504CA00072B3D /* SectionHeader.swift in Sources */ = {isa = PBXBuildFile; fileRef = BB00E12C2C3504CA00072B3D /* SectionHeader.swift */; };
		BB07C38D2C362E9B00D3A9BB /* AuthorPageViewController.swift in Sources */ = {isa = PBXBuildFile; fileRef = BB07C38C2C362E9B00D3A9BB /* AuthorPageViewController.swift */; };
		BB07C38F2C36876100D3A9BB /* ToUnsplashWebsiteViewController.swift in Sources */ = {isa = PBXBuildFile; fileRef = BB07C38E2C36876100D3A9BB /* ToUnsplashWebsiteViewController.swift */; };
		BB1B07A52C32399B003017D7 /* FooterTabView.swift in Sources */ = {isa = PBXBuildFile; fileRef = BB1B07A42C32399B003017D7 /* FooterTabView.swift */; };
		BB28B2332C3399C6009D33BB /* TagSearchViewController.swift in Sources */ = {isa = PBXBuildFile; fileRef = BB28B2322C3399C6009D33BB /* TagSearchViewController.swift */; };
		BB60247A2C2A80D600660422 /* HomeViewController.swift in Sources */ = {isa = PBXBuildFile; fileRef = BB6024792C2A80D600660422 /* HomeViewController.swift */; };
		BB86E9902C2E579C001378E7 /* WallpaperDetailViewController.swift in Sources */ = {isa = PBXBuildFile; fileRef = BB86E98F2C2E579C001378E7 /* WallpaperDetailViewController.swift */; };
		BB86E9922C2E6C79001378E7 /* WallpaperExpandViewController.swift in Sources */ = {isa = PBXBuildFile; fileRef = BB86E9912C2E6C79001378E7 /* WallpaperExpandViewController.swift */; };
		BBC20FAC2C37AF0700EE6E0B /* SearchCell.swift in Sources */ = {isa = PBXBuildFile; fileRef = BBC20FAB2C37AF0700EE6E0B /* SearchCell.swift */; };
		BBD4B0DB2C37819200808239 /* SearchViewController.swift in Sources */ = {isa = PBXBuildFile; fileRef = BBD4B0DA2C37819200808239 /* SearchViewController.swift */; };
		BBE276FC2C33AD04004963E8 /* TagCell.swift in Sources */ = {isa = PBXBuildFile; fileRef = BBE276FB2C33AD04004963E8 /* TagCell.swift */; };
		BBE276FE2C33BDC0004963E8 /* Struct.swift in Sources */ = {isa = PBXBuildFile; fileRef = BBE276FD2C33BDC0004963E8 /* Struct.swift */; };
		BBE277022C33CDF1004963E8 /* AppOverViewController.swift in Sources */ = {isa = PBXBuildFile; fileRef = BBE277012C33CDF1004963E8 /* AppOverViewController.swift */; };
		BBE575D32C2A58BD007CB638 /* AppDelegate.swift in Sources */ = {isa = PBXBuildFile; fileRef = BBE575D22C2A58BD007CB638 /* AppDelegate.swift */; };
		BBE575D52C2A58BD007CB638 /* SceneDelegate.swift in Sources */ = {isa = PBXBuildFile; fileRef = BBE575D42C2A58BD007CB638 /* SceneDelegate.swift */; };
		BBE575D72C2A58BD007CB638 /* ViewController.swift in Sources */ = {isa = PBXBuildFile; fileRef = BBE575D62C2A58BD007CB638 /* ViewController.swift */; };
		BBE575DA2C2A58BD007CB638 /* Main.storyboard in Resources */ = {isa = PBXBuildFile; fileRef = BBE575D82C2A58BD007CB638 /* Main.storyboard */; };
		BBE575DC2C2A58BF007CB638 /* Assets.xcassets in Resources */ = {isa = PBXBuildFile; fileRef = BBE575DB2C2A58BF007CB638 /* Assets.xcassets */; };
		BBE575DF2C2A58BF007CB638 /* LaunchScreen.storyboard in Resources */ = {isa = PBXBuildFile; fileRef = BBE575DD2C2A58BF007CB638 /* LaunchScreen.storyboard */; };
		BBE5EA932C2E96F1001AC215 /* FooterTabView.xib in Resources */ = {isa = PBXBuildFile; fileRef = BBE5EA922C2E96F1001AC215 /* FooterTabView.xib */; };
		BBE9C4502C2A8C29009692A1 /* WallpaperCell.swift in Sources */ = {isa = PBXBuildFile; fileRef = BBE9C44F2C2A8C29009692A1 /* WallpaperCell.swift */; };
/* End PBXBuildFile section */

/* Begin PBXFileReference section */
		27AE75D22C36E53200F6D02A /* ResultSearchViewController.swift */ = {isa = PBXFileReference; lastKnownFileType = sourcecode.swift; path = ResultSearchViewController.swift; sourceTree = "<group>"; };
		BB00E12A2C3502B000072B3D /* SectionHeader.xib */ = {isa = PBXFileReference; lastKnownFileType = file.xib; path = SectionHeader.xib; sourceTree = "<group>"; };
		BB00E12C2C3504CA00072B3D /* SectionHeader.swift */ = {isa = PBXFileReference; lastKnownFileType = sourcecode.swift; path = SectionHeader.swift; sourceTree = "<group>"; };
		BB07C38C2C362E9B00D3A9BB /* AuthorPageViewController.swift */ = {isa = PBXFileReference; lastKnownFileType = sourcecode.swift; path = AuthorPageViewController.swift; sourceTree = "<group>"; };
		BB07C38E2C36876100D3A9BB /* ToUnsplashWebsiteViewController.swift */ = {isa = PBXFileReference; lastKnownFileType = sourcecode.swift; path = ToUnsplashWebsiteViewController.swift; sourceTree = "<group>"; };
		BB1B07A42C32399B003017D7 /* FooterTabView.swift */ = {isa = PBXFileReference; lastKnownFileType = sourcecode.swift; path = FooterTabView.swift; sourceTree = "<group>"; };
		BB28B2322C3399C6009D33BB /* TagSearchViewController.swift */ = {isa = PBXFileReference; lastKnownFileType = sourcecode.swift; path = TagSearchViewController.swift; sourceTree = "<group>"; };
		BB6024792C2A80D600660422 /* HomeViewController.swift */ = {isa = PBXFileReference; lastKnownFileType = sourcecode.swift; path = HomeViewController.swift; sourceTree = "<group>"; };
		BB86E98F2C2E579C001378E7 /* WallpaperDetailViewController.swift */ = {isa = PBXFileReference; lastKnownFileType = sourcecode.swift; path = WallpaperDetailViewController.swift; sourceTree = "<group>"; };
		BB86E9912C2E6C79001378E7 /* WallpaperExpandViewController.swift */ = {isa = PBXFileReference; lastKnownFileType = sourcecode.swift; path = WallpaperExpandViewController.swift; sourceTree = "<group>"; };
		BBC20FAB2C37AF0700EE6E0B /* SearchCell.swift */ = {isa = PBXFileReference; lastKnownFileType = sourcecode.swift; path = SearchCell.swift; sourceTree = "<group>"; };
		BBD4B0DA2C37819200808239 /* SearchViewController.swift */ = {isa = PBXFileReference; lastKnownFileType = sourcecode.swift; path = SearchViewController.swift; sourceTree = "<group>"; };
		BBE276FB2C33AD04004963E8 /* TagCell.swift */ = {isa = PBXFileReference; lastKnownFileType = sourcecode.swift; path = TagCell.swift; sourceTree = "<group>"; };
		BBE276FD2C33BDC0004963E8 /* Struct.swift */ = {isa = PBXFileReference; lastKnownFileType = sourcecode.swift; path = Struct.swift; sourceTree = "<group>"; };
		BBE277012C33CDF1004963E8 /* AppOverViewController.swift */ = {isa = PBXFileReference; lastKnownFileType = sourcecode.swift; path = AppOverViewController.swift; sourceTree = "<group>"; };
		BBE575CF2C2A58BD007CB638 /* WallpaperApp.app */ = {isa = PBXFileReference; explicitFileType = wrapper.application; includeInIndex = 0; path = WallpaperApp.app; sourceTree = BUILT_PRODUCTS_DIR; };
		BBE575D22C2A58BD007CB638 /* AppDelegate.swift */ = {isa = PBXFileReference; lastKnownFileType = sourcecode.swift; path = AppDelegate.swift; sourceTree = "<group>"; };
		BBE575D42C2A58BD007CB638 /* SceneDelegate.swift */ = {isa = PBXFileReference; lastKnownFileType = sourcecode.swift; path = SceneDelegate.swift; sourceTree = "<group>"; };
		BBE575D62C2A58BD007CB638 /* ViewController.swift */ = {isa = PBXFileReference; lastKnownFileType = sourcecode.swift; path = ViewController.swift; sourceTree = "<group>"; };
		BBE575D92C2A58BD007CB638 /* Base */ = {isa = PBXFileReference; lastKnownFileType = file.storyboard; name = Base; path = Base.lproj/Main.storyboard; sourceTree = "<group>"; };
		BBE575DB2C2A58BF007CB638 /* Assets.xcassets */ = {isa = PBXFileReference; lastKnownFileType = folder.assetcatalog; path = Assets.xcassets; sourceTree = "<group>"; };
		BBE575DE2C2A58BF007CB638 /* Base */ = {isa = PBXFileReference; lastKnownFileType = file.storyboard; name = Base; path = Base.lproj/LaunchScreen.storyboard; sourceTree = "<group>"; };
		BBE575E02C2A58BF007CB638 /* Info.plist */ = {isa = PBXFileReference; lastKnownFileType = text.plist.xml; path = Info.plist; sourceTree = "<group>"; };
		BBE5EA922C2E96F1001AC215 /* FooterTabView.xib */ = {isa = PBXFileReference; lastKnownFileType = file.xib; path = FooterTabView.xib; sourceTree = "<group>"; };
		BBE9C44F2C2A8C29009692A1 /* WallpaperCell.swift */ = {isa = PBXFileReference; lastKnownFileType = sourcecode.swift; path = WallpaperCell.swift; sourceTree = "<group>"; };
/* End PBXFileReference section */

/* Begin PBXFrameworksBuildPhase section */
		BBE575CC2C2A58BD007CB638 /* Frameworks */ = {
			isa = PBXFrameworksBuildPhase;
			buildActionMask = 2147483647;
			files = (
			);
			runOnlyForDeploymentPostprocessing = 0;
		};
/* End PBXFrameworksBuildPhase section */

/* Begin PBXGroup section */
		BBE575C62C2A58BD007CB638 = {
			isa = PBXGroup;
			children = (
				BBE575D12C2A58BD007CB638 /* WallpaperApp */,
				BBE575D02C2A58BD007CB638 /* Products */,
			);
			sourceTree = "<group>";
		};
		BBE575D02C2A58BD007CB638 /* Products */ = {
			isa = PBXGroup;
			children = (
				BBE575CF2C2A58BD007CB638 /* WallpaperApp.app */,
			);
			name = Products;
			sourceTree = "<group>";
		};
		BBE575D12C2A58BD007CB638 /* WallpaperApp */ = {
			isa = PBXGroup;
			children = (
				BB07C38C2C362E9B00D3A9BB /* AuthorPageViewController.swift */,
				BBE276FD2C33BDC0004963E8 /* Struct.swift */,
				BB86E98F2C2E579C001378E7 /* WallpaperDetailViewController.swift */,
				BBE575D22C2A58BD007CB638 /* AppDelegate.swift */,
				BBE575D42C2A58BD007CB638 /* SceneDelegate.swift */,
				BBE575D62C2A58BD007CB638 /* ViewController.swift */,
				BBE277012C33CDF1004963E8 /* AppOverViewController.swift */,
				BB28B2322C3399C6009D33BB /* TagSearchViewController.swift */,
				BB6024792C2A80D600660422 /* HomeViewController.swift */,
				BBE276FB2C33AD04004963E8 /* TagCell.swift */,
				BBE9C44F2C2A8C29009692A1 /* WallpaperCell.swift */,
				BBC20FAB2C37AF0700EE6E0B /* SearchCell.swift */,
				BB00E12A2C3502B000072B3D /* SectionHeader.xib */,
				BB00E12C2C3504CA00072B3D /* SectionHeader.swift */,
				BB86E9912C2E6C79001378E7 /* WallpaperExpandViewController.swift */,
				BBE575D82C2A58BD007CB638 /* Main.storyboard */,
				BBD4B0DA2C37819200808239 /* SearchViewController.swift */,
				27AE75D22C36E53200F6D02A /* ResultSearchViewController.swift */,
				BB07C38E2C36876100D3A9BB /* ToUnsplashWebsiteViewController.swift */,
				BBE5EA922C2E96F1001AC215 /* FooterTabView.xib */,
				BB1B07A42C32399B003017D7 /* FooterTabView.swift */,
				BBE575DD2C2A58BF007CB638 /* LaunchScreen.storyboard */,
				BBE575DB2C2A58BF007CB638 /* Assets.xcassets */,
				BBE575E02C2A58BF007CB638 /* Info.plist */,
			);
			path = WallpaperApp;
			sourceTree = "<group>";
		};
/* End PBXGroup section */

/* Begin PBXNativeTarget section */
		BBE575CE2C2A58BD007CB638 /* WallpaperApp */ = {
			isa = PBXNativeTarget;
			buildConfigurationList = BBE575E32C2A58BF007CB638 /* Build configuration list for PBXNativeTarget "WallpaperApp" */;
			buildPhases = (
				BBE575CB2C2A58BD007CB638 /* Sources */,
				BBE575CC2C2A58BD007CB638 /* Frameworks */,
				BBE575CD2C2A58BD007CB638 /* Resources */,
			);
			buildRules = (
			);
			dependencies = (
			);
			name = WallpaperApp;
			productName = WallpaperApp;
			productReference = BBE575CF2C2A58BD007CB638 /* WallpaperApp.app */;
			productType = "com.apple.product-type.application";
		};
/* End PBXNativeTarget section */

/* Begin PBXProject section */
		BBE575C72C2A58BD007CB638 /* Project object */ = {
			isa = PBXProject;
			attributes = {
				BuildIndependentTargetsInParallel = 1;
				LastSwiftUpdateCheck = 1430;
				LastUpgradeCheck = 1540;
				TargetAttributes = {
					BBE575CE2C2A58BD007CB638 = {
						CreatedOnToolsVersion = 14.3.1;
					};
				};
			};
			buildConfigurationList = BBE575CA2C2A58BD007CB638 /* Build configuration list for PBXProject "WallpaperApp" */;
			compatibilityVersion = "Xcode 14.0";
			developmentRegion = en;
			hasScannedForEncodings = 0;
			knownRegions = (
				en,
				Base,
			);
			mainGroup = BBE575C62C2A58BD007CB638;
			productRefGroup = BBE575D02C2A58BD007CB638 /* Products */;
			projectDirPath = "";
			projectRoot = "";
			targets = (
				BBE575CE2C2A58BD007CB638 /* WallpaperApp */,
			);
		};
/* End PBXProject section */

/* Begin PBXResourcesBuildPhase section */
		BBE575CD2C2A58BD007CB638 /* Resources */ = {
			isa = PBXResourcesBuildPhase;
			buildActionMask = 2147483647;
			files = (
				BBE575DF2C2A58BF007CB638 /* LaunchScreen.storyboard in Resources */,
				BBE575DC2C2A58BF007CB638 /* Assets.xcassets in Resources */,
				BB00E12B2C3502B000072B3D /* SectionHeader.xib in Resources */,
				BBE575DA2C2A58BD007CB638 /* Main.storyboard in Resources */,
				BBE5EA932C2E96F1001AC215 /* FooterTabView.xib in Resources */,
			);
			runOnlyForDeploymentPostprocessing = 0;
		};
/* End PBXResourcesBuildPhase section */

/* Begin PBXSourcesBuildPhase section */
		BBE575CB2C2A58BD007CB638 /* Sources */ = {
			isa = PBXSourcesBuildPhase;
			buildActionMask = 2147483647;
			files = (
				BB07C38F2C36876100D3A9BB /* ToUnsplashWebsiteViewController.swift in Sources */,
				BBE9C4502C2A8C29009692A1 /* WallpaperCell.swift in Sources */,
				BBE575D72C2A58BD007CB638 /* ViewController.swift in Sources */,
				BBD4B0DB2C37819200808239 /* SearchViewController.swift in Sources */,
				BBE276FC2C33AD04004963E8 /* TagCell.swift in Sources */,
				BBE575D32C2A58BD007CB638 /* AppDelegate.swift in Sources */,
				BB07C38D2C362E9B00D3A9BB /* AuthorPageViewController.swift in Sources */,
				BB86E9902C2E579C001378E7 /* WallpaperDetailViewController.swift in Sources */,
				BB86E9922C2E6C79001378E7 /* WallpaperExpandViewController.swift in Sources */,
				BBE277022C33CDF1004963E8 /* AppOverViewController.swift in Sources */,
				BB1B07A52C32399B003017D7 /* FooterTabView.swift in Sources */,
				BBE575D52C2A58BD007CB638 /* SceneDelegate.swift in Sources */,
				BB28B2332C3399C6009D33BB /* TagSearchViewController.swift in Sources */,
				BBC20FAC2C37AF0700EE6E0B /* SearchCell.swift in Sources */,
				BB60247A2C2A80D600660422 /* HomeViewController.swift in Sources */,
				BBE276FE2C33BDC0004963E8 /* Struct.swift in Sources */,
				27AE75D32C36E53200F6D02A /* ResultSearchViewController.swift in Sources */,
				BB00E12D2C3504CA00072B3D /* SectionHeader.swift in Sources */,
			);
			runOnlyForDeploymentPostprocessing = 0;
		};
/* End PBXSourcesBuildPhase section */

/* Begin PBXVariantGroup section */
		BBE575D82C2A58BD007CB638 /* Main.storyboard */ = {
			isa = PBXVariantGroup;
			children = (
				BBE575D92C2A58BD007CB638 /* Base */,
			);
			name = Main.storyboard;
			sourceTree = "<group>";
		};
		BBE575DD2C2A58BF007CB638 /* LaunchScreen.storyboard */ = {
			isa = PBXVariantGroup;
			children = (
				BBE575DE2C2A58BF007CB638 /* Base */,
			);
			name = LaunchScreen.storyboard;
			sourceTree = "<group>";
		};
/* End PBXVariantGroup section */

/* Begin XCBuildConfiguration section */
		BBE575E12C2A58BF007CB638 /* Debug */ = {
			isa = XCBuildConfiguration;
			buildSettings = {
				ALWAYS_SEARCH_USER_PATHS = NO;
				CLANG_ANALYZER_NONNULL = YES;
				CLANG_ANALYZER_NUMBER_OBJECT_CONVERSION = YES_AGGRESSIVE;
				CLANG_CXX_LANGUAGE_STANDARD = "gnu++20";
				CLANG_ENABLE_MODULES = YES;
				CLANG_ENABLE_OBJC_ARC = YES;
				CLANG_ENABLE_OBJC_WEAK = YES;
				CLANG_WARN_BLOCK_CAPTURE_AUTORELEASING = YES;
				CLANG_WARN_BOOL_CONVERSION = YES;
				CLANG_WARN_COMMA = YES;
				CLANG_WARN_CONSTANT_CONVERSION = YES;
				CLANG_WARN_DEPRECATED_OBJC_IMPLEMENTATIONS = YES;
				CLANG_WARN_DIRECT_OBJC_ISA_USAGE = YES_ERROR;
				CLANG_WARN_DOCUMENTATION_COMMENTS = YES;
				CLANG_WARN_EMPTY_BODY = YES;
				CLANG_WARN_ENUM_CONVERSION = YES;
				CLANG_WARN_INFINITE_RECURSION = YES;
				CLANG_WARN_INT_CONVERSION = YES;
				CLANG_WARN_NON_LITERAL_NULL_CONVERSION = YES;
				CLANG_WARN_OBJC_IMPLICIT_RETAIN_SELF = YES;
				CLANG_WARN_OBJC_LITERAL_CONVERSION = YES;
				CLANG_WARN_OBJC_ROOT_CLASS = YES_ERROR;
				CLANG_WARN_QUOTED_INCLUDE_IN_FRAMEWORK_HEADER = YES;
				CLANG_WARN_RANGE_LOOP_ANALYSIS = YES;
				CLANG_WARN_STRICT_PROTOTYPES = YES;
				CLANG_WARN_SUSPICIOUS_MOVE = YES;
				CLANG_WARN_UNGUARDED_AVAILABILITY = YES_AGGRESSIVE;
				CLANG_WARN_UNREACHABLE_CODE = YES;
				CLANG_WARN__DUPLICATE_METHOD_MATCH = YES;
				COPY_PHASE_STRIP = NO;
				DEBUG_INFORMATION_FORMAT = dwarf;
				ENABLE_STRICT_OBJC_MSGSEND = YES;
				ENABLE_TESTABILITY = YES;
				ENABLE_USER_SCRIPT_SANDBOXING = YES;
				GCC_C_LANGUAGE_STANDARD = gnu11;
				GCC_DYNAMIC_NO_PIC = NO;
				GCC_NO_COMMON_BLOCKS = YES;
				GCC_OPTIMIZATION_LEVEL = 0;
				GCC_PREPROCESSOR_DEFINITIONS = (
					"DEBUG=1",
					"$(inherited)",
				);
				GCC_WARN_64_TO_32_BIT_CONVERSION = YES;
				GCC_WARN_ABOUT_RETURN_TYPE = YES_ERROR;
				GCC_WARN_UNDECLARED_SELECTOR = YES;
				GCC_WARN_UNINITIALIZED_AUTOS = YES_AGGRESSIVE;
				GCC_WARN_UNUSED_FUNCTION = YES;
				GCC_WARN_UNUSED_VARIABLE = YES;
				IPHONEOS_DEPLOYMENT_TARGET = 16.4;
				MTL_ENABLE_DEBUG_INFO = INCLUDE_SOURCE;
				MTL_FAST_MATH = YES;
				ONLY_ACTIVE_ARCH = YES;
				SDKROOT = iphoneos;
				SWIFT_ACTIVE_COMPILATION_CONDITIONS = DEBUG;
				SWIFT_OPTIMIZATION_LEVEL = "-Onone";
			};
			name = Debug;
		};
		BBE575E22C2A58BF007CB638 /* Release */ = {
			isa = XCBuildConfiguration;
			buildSettings = {
				ALWAYS_SEARCH_USER_PATHS = NO;
				CLANG_ANALYZER_NONNULL = YES;
				CLANG_ANALYZER_NUMBER_OBJECT_CONVERSION = YES_AGGRESSIVE;
				CLANG_CXX_LANGUAGE_STANDARD = "gnu++20";
				CLANG_ENABLE_MODULES = YES;
				CLANG_ENABLE_OBJC_ARC = YES;
				CLANG_ENABLE_OBJC_WEAK = YES;
				CLANG_WARN_BLOCK_CAPTURE_AUTORELEASING = YES;
				CLANG_WARN_BOOL_CONVERSION = YES;
				CLANG_WARN_COMMA = YES;
				CLANG_WARN_CONSTANT_CONVERSION = YES;
				CLANG_WARN_DEPRECATED_OBJC_IMPLEMENTATIONS = YES;
				CLANG_WARN_DIRECT_OBJC_ISA_USAGE = YES_ERROR;
				CLANG_WARN_DOCUMENTATION_COMMENTS = YES;
				CLANG_WARN_EMPTY_BODY = YES;
				CLANG_WARN_ENUM_CONVERSION = YES;
				CLANG_WARN_INFINITE_RECURSION = YES;
				CLANG_WARN_INT_CONVERSION = YES;
				CLANG_WARN_NON_LITERAL_NULL_CONVERSION = YES;
				CLANG_WARN_OBJC_IMPLICIT_RETAIN_SELF = YES;
				CLANG_WARN_OBJC_LITERAL_CONVERSION = YES;
				CLANG_WARN_OBJC_ROOT_CLASS = YES_ERROR;
				CLANG_WARN_QUOTED_INCLUDE_IN_FRAMEWORK_HEADER = YES;
				CLANG_WARN_RANGE_LOOP_ANALYSIS = YES;
				CLANG_WARN_STRICT_PROTOTYPES = YES;
				CLANG_WARN_SUSPICIOUS_MOVE = YES;
				CLANG_WARN_UNGUARDED_AVAILABILITY = YES_AGGRESSIVE;
				CLANG_WARN_UNREACHABLE_CODE = YES;
				CLANG_WARN__DUPLICATE_METHOD_MATCH = YES;
				COPY_PHASE_STRIP = NO;
				DEBUG_INFORMATION_FORMAT = "dwarf-with-dsym";
				ENABLE_NS_ASSERTIONS = NO;
				ENABLE_STRICT_OBJC_MSGSEND = YES;
				ENABLE_USER_SCRIPT_SANDBOXING = YES;
				GCC_C_LANGUAGE_STANDARD = gnu11;
				GCC_NO_COMMON_BLOCKS = YES;
				GCC_WARN_64_TO_32_BIT_CONVERSION = YES;
				GCC_WARN_ABOUT_RETURN_TYPE = YES_ERROR;
				GCC_WARN_UNDECLARED_SELECTOR = YES;
				GCC_WARN_UNINITIALIZED_AUTOS = YES_AGGRESSIVE;
				GCC_WARN_UNUSED_FUNCTION = YES;
				GCC_WARN_UNUSED_VARIABLE = YES;
				IPHONEOS_DEPLOYMENT_TARGET = 16.4;
				MTL_ENABLE_DEBUG_INFO = NO;
				MTL_FAST_MATH = YES;
				SDKROOT = iphoneos;
				SWIFT_COMPILATION_MODE = wholemodule;
				SWIFT_OPTIMIZATION_LEVEL = "-O";
				VALIDATE_PRODUCT = YES;
			};
			name = Release;
		};
		BBE575E42C2A58BF007CB638 /* Debug */ = {
			isa = XCBuildConfiguration;
			buildSettings = {
				ASSETCATALOG_COMPILER_APPICON_NAME = AppIcon;
				ASSETCATALOG_COMPILER_GLOBAL_ACCENT_COLOR_NAME = AccentColor;
				CODE_SIGN_STYLE = Automatic;
				CURRENT_PROJECT_VERSION = 1;
				GENERATE_INFOPLIST_FILE = YES;
				INFOPLIST_FILE = WallpaperApp/Info.plist;
				INFOPLIST_KEY_UIApplicationSupportsIndirectInputEvents = YES;
				INFOPLIST_KEY_UILaunchStoryboardName = LaunchScreen;
				INFOPLIST_KEY_UIMainStoryboardFile = Main;
				INFOPLIST_KEY_UISupportedInterfaceOrientations_iPad = "UIInterfaceOrientationPortrait UIInterfaceOrientationPortraitUpsideDown UIInterfaceOrientationLandscapeLeft UIInterfaceOrientationLandscapeRight";
				INFOPLIST_KEY_UISupportedInterfaceOrientations_iPhone = "UIInterfaceOrientationPortrait UIInterfaceOrientationLandscapeLeft UIInterfaceOrientationLandscapeRight";
				LD_RUNPATH_SEARCH_PATHS = (
					"$(inherited)",
					"@executable_path/Frameworks",
				);
				MARKETING_VERSION = 1.0;
				PRODUCT_BUNDLE_IDENTIFIER = "Nunoichi-Tatsuya.WallpaperApp";
				PRODUCT_NAME = "$(TARGET_NAME)";
				SWIFT_EMIT_LOC_STRINGS = YES;
				SWIFT_VERSION = 5.0;
				TARGETED_DEVICE_FAMILY = "1,2";
			};
			name = Debug;
		};
		BBE575E52C2A58BF007CB638 /* Release */ = {
			isa = XCBuildConfiguration;
			buildSettings = {
				ASSETCATALOG_COMPILER_APPICON_NAME = AppIcon;
				ASSETCATALOG_COMPILER_GLOBAL_ACCENT_COLOR_NAME = AccentColor;
				CODE_SIGN_STYLE = Automatic;
				CURRENT_PROJECT_VERSION = 1;
				GENERATE_INFOPLIST_FILE = YES;
				INFOPLIST_FILE = WallpaperApp/Info.plist;
				INFOPLIST_KEY_UIApplicationSupportsIndirectInputEvents = YES;
				INFOPLIST_KEY_UILaunchStoryboardName = LaunchScreen;
				INFOPLIST_KEY_UIMainStoryboardFile = Main;
				INFOPLIST_KEY_UISupportedInterfaceOrientations_iPad = "UIInterfaceOrientationPortrait UIInterfaceOrientationPortraitUpsideDown UIInterfaceOrientationLandscapeLeft UIInterfaceOrientationLandscapeRight";
				INFOPLIST_KEY_UISupportedInterfaceOrientations_iPhone = "UIInterfaceOrientationPortrait UIInterfaceOrientationLandscapeLeft UIInterfaceOrientationLandscapeRight";
				LD_RUNPATH_SEARCH_PATHS = (
					"$(inherited)",
					"@executable_path/Frameworks",
				);
				MARKETING_VERSION = 1.0;
				PRODUCT_BUNDLE_IDENTIFIER = "Nunoichi-Tatsuya.WallpaperApp";
				PRODUCT_NAME = "$(TARGET_NAME)";
				SWIFT_EMIT_LOC_STRINGS = YES;
				SWIFT_VERSION = 5.0;
				TARGETED_DEVICE_FAMILY = "1,2";
			};
			name = Release;
		};
/* End XCBuildConfiguration section */

/* Begin XCConfigurationList section */
		BBE575CA2C2A58BD007CB638 /* Build configuration list for PBXProject "WallpaperApp" */ = {
			isa = XCConfigurationList;
			buildConfigurations = (
				BBE575E12C2A58BF007CB638 /* Debug */,
				BBE575E22C2A58BF007CB638 /* Release */,
			);
			defaultConfigurationIsVisible = 0;
			defaultConfigurationName = Release;
		};
		BBE575E32C2A58BF007CB638 /* Build configuration list for PBXNativeTarget "WallpaperApp" */ = {
			isa = XCConfigurationList;
			buildConfigurations = (
				BBE575E42C2A58BF007CB638 /* Debug */,
				BBE575E52C2A58BF007CB638 /* Release */,
			);
			defaultConfigurationIsVisible = 0;
			defaultConfigurationName = Release;
		};
/* End XCConfigurationList section */
	};
	rootObject = BBE575C72C2A58BD007CB638 /* Project object */;
}
